
Microsoft Visual Studio Solution File, Format Version 11.00
# Visual Studio 2010
Project("{FAE04EC0-301F-11D3-BF4B-00C04F79EFBC}") = "UrlHelperTest", "UrlHelperTest\UrlHelperTest.csproj", "{B4EBFDAB-8D5E-4A33-93A3-A73BE3A89E08}"
EndProject
Global
	GlobalSection(SolutionConfigurationPlatforms) = preSolution
		Debug|Any CPU = Debug|Any CPU
		Release|Any CPU = Release|Any CPU
	EndGlobalSection
	GlobalSection(ProjectConfigurationPlatforms) = postSolution
		{B4EBFDAB-8D5E-4A33-93A3-A73BE3A89E08}.Debug|Any CPU.ActiveCfg = Debug|Any CPU
		{B4EBFDAB-8D5E-4A33-93A3-A73BE3A89E08}.Debug|Any CPU.Build.0 = Debug|Any CPU
		{B4EBFDAB-8D5E-4A33-93A3-A73BE3A89E08}.Release|Any CPU.ActiveCfg = Release|Any CPU
		{B4EBFDAB-8D5E-4A33-93A3-A73BE3A89E08}.Release|Any CPU.Build.0 = Release|Any CPU
	EndGlobalSection
	GlobalSection(SolutionProperties) = preSolution
		HideSolutionNode = FALSE
	EndGlobalSection
EndGlobal
